
Microsoft Visual Studio Solution File, Format Version 12.00
# Visual Studio Version 16
VisualStudioVersion = 16.0.32602.291
MinimumVisualStudioVersion = 10.0.40219.1
Project("{9A19103F-16F7-4668-BE54-9A1E7A4F7556}") = "RandomNumber", "RandomNumber\RandomNumber.csproj", "{AA9F3C01-884F-492E-9D06-539EC3A102CB}"
EndProject
Project("{FAE04EC0-301F-11D3-BF4B-00C04F79EFBC}") = "RandomNumberUnitTests", "RandomNumberUnitTests\RandomNumberUnitTests.csproj", "{8A3EB257-D7D8-4EAC-BD8D-9F4D7E78037E}"
EndProject
Global
	GlobalSection(SolutionConfigurationPlatforms) = preSolution
		Debug|Any CPU = Debug|Any CPU
		Release|Any CPU = Release|Any CPU
	EndGlobalSection
	GlobalSection(ProjectConfigurationPlatforms) = postSolution
		{AA9F3C01-884F-492E-9D06-539EC3A102CB}.Debug|Any CPU.ActiveCfg = Debug|Any CPU
		{AA9F3C01-884F-492E-9D06-539EC3A102CB}.Debug|Any CPU.Build.0 = Debug|Any CPU
		{AA9F3C01-884F-492E-9D06-539EC3A102CB}.Release|Any CPU.ActiveCfg = Release|Any CPU
		{AA9F3C01-884F-492E-9D06-539EC3A102CB}.Release|Any CPU.Build.0 = Release|Any CPU
		{8A3EB257-D7D8-4EAC-BD8D-9F4D7E78037E}.Debug|Any CPU.ActiveCfg = Debug|Any CPU
		{8A3EB257-D7D8-4EAC-BD8D-9F4D7E78037E}.Debug|Any CPU.Build.0 = Debug|Any CPU
		{8A3EB257-D7D8-4EAC-BD8D-9F4D7E78037E}.Release|Any CPU.ActiveCfg = Release|Any CPU
		{8A3EB257-D7D8-4EAC-BD8D-9F4D7E78037E}.Release|Any CPU.Build.0 = Release|Any CPU
	EndGlobalSection
	GlobalSection(SolutionProperties) = preSolution
		HideSolutionNode = FALSE
	EndGlobalSection
	GlobalSection(ExtensibilityGlobals) = postSolution
		SolutionGuid = {7224C4B9-CAEA-4144-ACC3-52B0BACE2E5D}
	EndGlobalSection
EndGlobal
